
Microsoft Visual Studio Solution File, Format Version 12.00
# Visual Studio Version 17
VisualStudioVersion = 17.8.34601.278
MinimumVisualStudioVersion = 10.0.40219.1
Project("{FAE04EC0-301F-11D3-BF4B-00C04F79EFBC}") = "ConsoleApp13", "ConsoleApp13\ConsoleApp13.csproj", "{E0C2E41E-640A-49B9-BC79-617F803B7E21}"
EndProject
Global
	GlobalSection(SolutionConfigurationPlatforms) = preSolution
		Debug|Any CPU = Debug|Any CPU
		Release|Any CPU = Release|Any CPU
	EndGlobalSection
	GlobalSection(ProjectConfigurationPlatforms) = postSolution
		{E0C2E41E-640A-49B9-BC79-617F803B7E21}.Debug|Any CPU.ActiveCfg = Debug|Any CPU
		{E0C2E41E-640A-49B9-BC79-617F803B7E21}.Debug|Any CPU.Build.0 = Debug|Any CPU
		{E0C2E41E-640A-49B9-BC79-617F803B7E21}.Release|Any CPU.ActiveCfg = Release|Any CPU
		{E0C2E41E-640A-49B9-BC79-617F803B7E21}.Release|Any CPU.Build.0 = Release|Any CPU
	EndGlobalSection
	GlobalSection(SolutionProperties) = preSolution
		HideSolutionNode = FALSE
	EndGlobalSection
	GlobalSection(ExtensibilityGlobals) = postSolution
		SolutionGuid = {4CAB5DDB-A48B-4E9F-87AD-3707B235075B}
	EndGlobalSection
EndGlobal
