
Microsoft Visual Studio Solution File, Format Version 12.00
# Visual Studio Version 17
VisualStudioVersion = 17.8.34525.116
MinimumVisualStudioVersion = 10.0.40219.1
Project("{FAE04EC0-301F-11D3-BF4B-00C04F79EFBC}") = "ConsoleApp6", "ConsoleApp6\ConsoleApp6.csproj", "{29DA38E1-F10E-4E04-8D11-262418373F95}"
EndProject
Global
	GlobalSection(SolutionConfigurationPlatforms) = preSolution
		Debug|Any CPU = Debug|Any CPU
		Release|Any CPU = Release|Any CPU
	EndGlobalSection
	GlobalSection(ProjectConfigurationPlatforms) = postSolution
		{29DA38E1-F10E-4E04-8D11-262418373F95}.Debug|Any CPU.ActiveCfg = Debug|Any CPU
		{29DA38E1-F10E-4E04-8D11-262418373F95}.Debug|Any CPU.Build.0 = Debug|Any CPU
		{29DA38E1-F10E-4E04-8D11-262418373F95}.Release|Any CPU.ActiveCfg = Release|Any CPU
		{29DA38E1-F10E-4E04-8D11-262418373F95}.Release|Any CPU.Build.0 = Release|Any CPU
	EndGlobalSection
	GlobalSection(SolutionProperties) = preSolution
		HideSolutionNode = FALSE
	EndGlobalSection
	GlobalSection(ExtensibilityGlobals) = postSolution
		SolutionGuid = {A2C39192-2CE0-46CA-B595-D5CA92D780AA}
	EndGlobalSection
EndGlobal
